// !$*UTF8*$!
{
	archiveVersion = 1;
	classes = {
	};
	objectVersion = 48;
	objects = {

/* Begin PBXBuildFile section */
		CC5CAF1C2056A53F0096D17B /* FaceObservation.swift in Sources */ = {isa = PBXBuildFile; fileRef = CC5CAF1B2056A53F0096D17B /* FaceObservation.swift */; };
		CC5CAF202056E2610096D17B /* CameraButton.swift in Sources */ = {isa = PBXBuildFile; fileRef = CC5CAF1F2056E2610096D17B /* CameraButton.swift */; };
		CC6DEC4C20593C5700624FC1 /* OCVFaceRecognizer.mm in Sources */ = {isa = PBXBuildFile; fileRef = CC6DEC4620593C5700624FC1 /* OCVFaceRecognizer.mm */; };
		CC6DEC4E20593C5700624FC1 /* UIImage+OpenCV.mm in Sources */ = {isa = PBXBuildFile; fileRef = CC6DEC4A20593C5700624FC1 /* UIImage+OpenCV.mm */; };
		CC724B15205AEA7700043C82 /* OCVFaceObservation.m in Sources */ = {isa = PBXBuildFile; fileRef = CC724B14205AEA7700043C82 /* OCVFaceObservation.m */; };
		CC75DB612051ACA800B0B58A /* FaceDetector.swift in Sources */ = {isa = PBXBuildFile; fileRef = CC75DB602051ACA800B0B58A /* FaceDetector.swift */; };
		CC7EA6ED20598EB20091F580 /* FaceRecognizer.swift in Sources */ = {isa = PBXBuildFile; fileRef = CC7EA6EC20598EB20091F580 /* FaceRecognizer.swift */; };
		CCA1B38620519AA600DB8A7F /* Assets.xcassets in Resources */ = {isa = PBXBuildFile; fileRef = CCA1B37E20519AA600DB8A7F /* Assets.xcassets */; };
		CCA1B38720519AA600DB8A7F /* LaunchScreen.storyboard in Resources */ = {isa = PBXBuildFile; fileRef = CCA1B37F20519AA600DB8A7F /* LaunchScreen.storyboard */; };
		CCA1B38920519AA600DB8A7F /* AppDelegate.swift in Sources */ = {isa = PBXBuildFile; fileRef = CCA1B38320519AA600DB8A7F /* AppDelegate.swift */; };
		CCA1B38A20519AA600DB8A7F /* CameraController.swift in Sources */ = {isa = PBXBuildFile; fileRef = CCA1B38520519AA600DB8A7F /* CameraController.swift */; };
		CCA1B38E20519C9300DB8A7F /* CameraView.swift in Sources */ = {isa = PBXBuildFile; fileRef = CCA1B38D20519C9300DB8A7F /* CameraView.swift */; };
		CCA1B3902051A24400DB8A7F /* AppFactory.swift in Sources */ = {isa = PBXBuildFile; fileRef = CCA1B38F2051A24400DB8A7F /* AppFactory.swift */; };
		CCB90AFF2055412300EF8698 /* FaceView.swift in Sources */ = {isa = PBXBuildFile; fileRef = CCB90AFE2055412300EF8698 /* FaceView.swift */; };
		CCB9D2982059945D00A46F32 /* opencv2.framework in Frameworks */ = {isa = PBXBuildFile; fileRef = CC6DEC3D20593B8300624FC1 /* opencv2.framework */; };
/* End PBXBuildFile section */

/* Begin PBXFileReference section */
		CC5CAF1B2056A53F0096D17B /* FaceObservation.swift */ = {isa = PBXFileReference; lastKnownFileType = sourcecode.swift; path = FaceObservation.swift; sourceTree = "<group>"; };
		CC5CAF1F2056E2610096D17B /* CameraButton.swift */ = {isa = PBXFileReference; lastKnownFileType = sourcecode.swift; path = CameraButton.swift; sourceTree = "<group>"; };
		CC6DEC3D20593B8300624FC1 /* opencv2.framework */ = {isa = PBXFileReference; lastKnownFileType = wrapper.framework; name = opencv2.framework; path = External/opencv2.framework; sourceTree = "<group>"; };
		CC6DEC4620593C5700624FC1 /* OCVFaceRecognizer.mm */ = {isa = PBXFileReference; fileEncoding = 4; lastKnownFileType = sourcecode.cpp.objcpp; path = OCVFaceRecognizer.mm; sourceTree = "<group>"; };
		CC6DEC4720593C5700624FC1 /* OCVFaceRecognizer.h */ = {isa = PBXFileReference; fileEncoding = 4; lastKnownFileType = sourcecode.c.h; path = OCVFaceRecognizer.h; sourceTree = "<group>"; };
		CC6DEC4920593C5700624FC1 /* UIImage+OpenCV.h */ = {isa = PBXFileReference; fileEncoding = 4; lastKnownFileType = sourcecode.c.h; path = "UIImage+OpenCV.h"; sourceTree = "<group>"; };
		CC6DEC4A20593C5700624FC1 /* UIImage+OpenCV.mm */ = {isa = PBXFileReference; fileEncoding = 4; lastKnownFileType = sourcecode.cpp.objcpp; path = "UIImage+OpenCV.mm"; sourceTree = "<group>"; };
		CC724B13205AEA7700043C82 /* OCVFaceObservation.h */ = {isa = PBXFileReference; lastKnownFileType = sourcecode.c.h; path = OCVFaceObservation.h; sourceTree = "<group>"; };
		CC724B14205AEA7700043C82 /* OCVFaceObservation.m */ = {isa = PBXFileReference; lastKnownFileType = sourcecode.c.objc; path = OCVFaceObservation.m; sourceTree = "<group>"; };
		CC75DB602051ACA800B0B58A /* FaceDetector.swift */ = {isa = PBXFileReference; lastKnownFileType = sourcecode.swift; path = FaceDetector.swift; sourceTree = "<group>"; };
		CC7EA6EC20598EB20091F580 /* FaceRecognizer.swift */ = {isa = PBXFileReference; lastKnownFileType = sourcecode.swift; path = FaceRecognizer.swift; sourceTree = "<group>"; };
		CC7EA6EE20598FA60091F580 /* OCVBridgingHeader.h */ = {isa = PBXFileReference; lastKnownFileType = sourcecode.c.h; path = OCVBridgingHeader.h; sourceTree = "<group>"; };
		CCA1B36820519A0200DB8A7F /* FaceAuth.app */ = {isa = PBXFileReference; explicitFileType = wrapper.application; includeInIndex = 0; path = FaceAuth.app; sourceTree = BUILT_PRODUCTS_DIR; };
		CCA1B37E20519AA600DB8A7F /* Assets.xcassets */ = {isa = PBXFileReference; lastKnownFileType = folder.assetcatalog; path = Assets.xcassets; sourceTree = "<group>"; };
		CCA1B38020519AA600DB8A7F /* Base */ = {isa = PBXFileReference; lastKnownFileType = file.storyboard; name = Base; path = Base.lproj/LaunchScreen.storyboard; sourceTree = "<group>"; };
		CCA1B38120519AA600DB8A7F /* Info.plist */ = {isa = PBXFileReference; fileEncoding = 4; lastKnownFileType = text.plist.xml; path = Info.plist; sourceTree = "<group>"; };
		CCA1B38320519AA600DB8A7F /* AppDelegate.swift */ = {isa = PBXFileReference; fileEncoding = 4; lastKnownFileType = sourcecode.swift; path = AppDelegate.swift; sourceTree = "<group>"; };
		CCA1B38520519AA600DB8A7F /* CameraController.swift */ = {isa = PBXFileReference; fileEncoding = 4; lastKnownFileType = sourcecode.swift; path = CameraController.swift; sourceTree = "<group>"; };
		CCA1B38D20519C9300DB8A7F /* CameraView.swift */ = {isa = PBXFileReference; lastKnownFileType = sourcecode.swift; path = CameraView.swift; sourceTree = "<group>"; };
		CCA1B38F2051A24400DB8A7F /* AppFactory.swift */ = {isa = PBXFileReference; lastKnownFileType = sourcecode.swift; path = AppFactory.swift; sourceTree = "<group>"; };
		CCB90AFE2055412300EF8698 /* FaceView.swift */ = {isa = PBXFileReference; lastKnownFileType = sourcecode.swift; path = FaceView.swift; sourceTree = "<group>"; };
/* End PBXFileReference section */

/* Begin PBXFrameworksBuildPhase section */
		CCA1B36520519A0200DB8A7F /* Frameworks */ = {
			isa = PBXFrameworksBuildPhase;
			buildActionMask = 2147483647;
			files = (
				CCB9D2982059945D00A46F32 /* opencv2.framework in Frameworks */,
			);
			runOnlyForDeploymentPostprocessing = 0;
		};
/* End PBXFrameworksBuildPhase section */

/* Begin PBXGroup section */
		CC6DEC3C20593B8300624FC1 /* Frameworks */ = {
			isa = PBXGroup;
			children = (
				CC6DEC3D20593B8300624FC1 /* opencv2.framework */,
			);
			name = Frameworks;
			sourceTree = "<group>";
		};
		CC6DEC4520593C5700624FC1 /* opencv */ = {
			isa = PBXGroup;
			children = (
				CC7EA6EE20598FA60091F580 /* OCVBridgingHeader.h */,
				CC724B13205AEA7700043C82 /* OCVFaceObservation.h */,
				CC724B14205AEA7700043C82 /* OCVFaceObservation.m */,
				CC6DEC4720593C5700624FC1 /* OCVFaceRecognizer.h */,
				CC6DEC4620593C5700624FC1 /* OCVFaceRecognizer.mm */,
				CC6DEC4920593C5700624FC1 /* UIImage+OpenCV.h */,
				CC6DEC4A20593C5700624FC1 /* UIImage+OpenCV.mm */,
			);
			path = opencv;
			sourceTree = "<group>";
		};
		CCA1B35F20519A0200DB8A7F = {
			isa = PBXGroup;
			children = (
				CCA1B36A20519A0200DB8A7F /* FaceAuth */,
				CCA1B36920519A0200DB8A7F /* Products */,
				CC6DEC3C20593B8300624FC1 /* Frameworks */,
			);
			sourceTree = "<group>";
		};
		CCA1B36920519A0200DB8A7F /* Products */ = {
			isa = PBXGroup;
			children = (
				CCA1B36820519A0200DB8A7F /* FaceAuth.app */,
			);
			name = Products;
			sourceTree = "<group>";
		};
		CCA1B36A20519A0200DB8A7F /* FaceAuth */ = {
			isa = PBXGroup;
			children = (
				CCA1B38220519AA600DB8A7F /* application */,
				CCA1B38C20519C6600DB8A7F /* model */,
				CCA1B38B20519C6600DB8A7F /* view */,
				CCA1B38420519AA600DB8A7F /* controller */,
				CCA1B37D20519AA600DB8A7F /* res */,
			);
			path = FaceAuth;
			sourceTree = "<group>";
		};
		CCA1B37D20519AA600DB8A7F /* res */ = {
			isa = PBXGroup;
			children = (
				CCA1B37E20519AA600DB8A7F /* Assets.xcassets */,
				CCA1B37F20519AA600DB8A7F /* LaunchScreen.storyboard */,
				CCA1B38120519AA600DB8A7F /* Info.plist */,
			);
			path = res;
			sourceTree = "<group>";
		};
		CCA1B38220519AA600DB8A7F /* application */ = {
			isa = PBXGroup;
			children = (
				CCA1B38320519AA600DB8A7F /* AppDelegate.swift */,
				CCA1B38F2051A24400DB8A7F /* AppFactory.swift */,
			);
			path = application;
			sourceTree = "<group>";
		};
		CCA1B38420519AA600DB8A7F /* controller */ = {
			isa = PBXGroup;
			children = (
				CCA1B38520519AA600DB8A7F /* CameraController.swift */,
			);
			path = controller;
			sourceTree = "<group>";
		};
		CCA1B38B20519C6600DB8A7F /* view */ = {
			isa = PBXGroup;
			children = (
				CC5CAF1F2056E2610096D17B /* CameraButton.swift */,
				CCA1B38D20519C9300DB8A7F /* CameraView.swift */,
				CCB90AFE2055412300EF8698 /* FaceView.swift */,
			);
			path = view;
			sourceTree = "<group>";
		};
		CCA1B38C20519C6600DB8A7F /* model */ = {
			isa = PBXGroup;
			children = (
				CC6DEC4520593C5700624FC1 /* opencv */,
				CC75DB602051ACA800B0B58A /* FaceDetector.swift */,
				CC5CAF1B2056A53F0096D17B /* FaceObservation.swift */,
				CC7EA6EC20598EB20091F580 /* FaceRecognizer.swift */,
			);
			path = model;
			sourceTree = "<group>";
		};
/* End PBXGroup section */

/* Begin PBXNativeTarget section */
		CCA1B36720519A0200DB8A7F /* FaceAuth */ = {
			isa = PBXNativeTarget;
			buildConfigurationList = CCA1B37A20519A0200DB8A7F /* Build configuration list for PBXNativeTarget "FaceAuth" */;
			buildPhases = (
				CCA1B36420519A0200DB8A7F /* Sources */,
				CCA1B36520519A0200DB8A7F /* Frameworks */,
				CCA1B36620519A0200DB8A7F /* Resources */,
			);
			buildRules = (
			);
			dependencies = (
			);
			name = FaceAuth;
			productName = FaceAuth;
			productReference = CCA1B36820519A0200DB8A7F /* FaceAuth.app */;
			productType = "com.apple.product-type.application";
		};
/* End PBXNativeTarget section */

/* Begin PBXProject section */
		CCA1B36020519A0200DB8A7F /* Project object */ = {
			isa = PBXProject;
			attributes = {
				LastSwiftUpdateCheck = 0910;
				LastUpgradeCheck = 0910;
				ORGANIZATIONNAME = "Ivano Bilenchi";
				TargetAttributes = {
					CCA1B36720519A0200DB8A7F = {
						CreatedOnToolsVersion = 9.1;
						ProvisioningStyle = Automatic;
					};
				};
			};
			buildConfigurationList = CCA1B36320519A0200DB8A7F /* Build configuration list for PBXProject "FaceAuth" */;
			compatibilityVersion = "Xcode 8.0";
			developmentRegion = en;
			hasScannedForEncodings = 0;
			knownRegions = (
				en,
				Base,
			);
			mainGroup = CCA1B35F20519A0200DB8A7F;
			productRefGroup = CCA1B36920519A0200DB8A7F /* Products */;
			projectDirPath = "";
			projectRoot = "";
			targets = (
				CCA1B36720519A0200DB8A7F /* FaceAuth */,
			);
		};
/* End PBXProject section */

/* Begin PBXResourcesBuildPhase section */
		CCA1B36620519A0200DB8A7F /* Resources */ = {
			isa = PBXResourcesBuildPhase;
			buildActionMask = 2147483647;
			files = (
				CCA1B38620519AA600DB8A7F /* Assets.xcassets in Resources */,
				CCA1B38720519AA600DB8A7F /* LaunchScreen.storyboard in Resources */,
			);
			runOnlyForDeploymentPostprocessing = 0;
		};
/* End PBXResourcesBuildPhase section */

/* Begin PBXSourcesBuildPhase section */
		CCA1B36420519A0200DB8A7F /* Sources */ = {
			isa = PBXSourcesBuildPhase;
			buildActionMask = 2147483647;
			files = (
				CC75DB612051ACA800B0B58A /* FaceDetector.swift in Sources */,
				CC6DEC4C20593C5700624FC1 /* OCVFaceRecognizer.mm in Sources */,
				CC724B15205AEA7700043C82 /* OCVFaceObservation.m in Sources */,
				CC5CAF1C2056A53F0096D17B /* FaceObservation.swift in Sources */,
				CC5CAF202056E2610096D17B /* CameraButton.swift in Sources */,
				CCA1B3902051A24400DB8A7F /* AppFactory.swift in Sources */,
				CCA1B38E20519C9300DB8A7F /* CameraView.swift in Sources */,
				CCA1B38A20519AA600DB8A7F /* CameraController.swift in Sources */,
				CCA1B38920519AA600DB8A7F /* AppDelegate.swift in Sources */,
				CCB90AFF2055412300EF8698 /* FaceView.swift in Sources */,
				CC6DEC4E20593C5700624FC1 /* UIImage+OpenCV.mm in Sources */,
				CC7EA6ED20598EB20091F580 /* FaceRecognizer.swift in Sources */,
			);
			runOnlyForDeploymentPostprocessing = 0;
		};
/* End PBXSourcesBuildPhase section */

/* Begin PBXVariantGroup section */
		CCA1B37F20519AA600DB8A7F /* LaunchScreen.storyboard */ = {
			isa = PBXVariantGroup;
			children = (
				CCA1B38020519AA600DB8A7F /* Base */,
			);
			name = LaunchScreen.storyboard;
			sourceTree = "<group>";
		};
/* End PBXVariantGroup section */

/* Begin XCBuildConfiguration section */
		CCA1B37820519A0200DB8A7F /* Debug */ = {
			isa = XCBuildConfiguration;
			buildSettings = {
				ALWAYS_SEARCH_USER_PATHS = NO;
				CLANG_ANALYZER_NONNULL = YES;
				CLANG_ANALYZER_NUMBER_OBJECT_CONVERSION = YES_AGGRESSIVE;
				CLANG_CXX_LANGUAGE_STANDARD = "gnu++14";
				CLANG_CXX_LIBRARY = "libc++";
				CLANG_ENABLE_MODULES = YES;
				CLANG_ENABLE_OBJC_ARC = YES;
				CLANG_WARN_BLOCK_CAPTURE_AUTORELEASING = YES;
				CLANG_WARN_BOOL_CONVERSION = YES;
				CLANG_WARN_COMMA = YES;
				CLANG_WARN_CONSTANT_CONVERSION = YES;
				CLANG_WARN_DIRECT_OBJC_ISA_USAGE = YES_ERROR;
				CLANG_WARN_EMPTY_BODY = YES;
				CLANG_WARN_ENUM_CONVERSION = YES;
				CLANG_WARN_INFINITE_RECURSION = YES;
				CLANG_WARN_INT_CONVERSION = YES;
				CLANG_WARN_NON_LITERAL_NULL_CONVERSION = YES;
				CLANG_WARN_OBJC_LITERAL_CONVERSION = YES;
				CLANG_WARN_OBJC_ROOT_CLASS = YES_ERROR;
				CLANG_WARN_RANGE_LOOP_ANALYSIS = YES;
				CLANG_WARN_STRICT_PROTOTYPES = YES;
				CLANG_WARN_SUSPICIOUS_MOVE = YES;
				CLANG_WARN_UNGUARDED_AVAILABILITY = YES_AGGRESSIVE;
				CLANG_WARN_UNREACHABLE_CODE = YES;
				CLANG_WARN__DUPLICATE_METHOD_MATCH = YES;
				CODE_SIGN_IDENTITY = "iPhone Developer";
				COPY_PHASE_STRIP = NO;
				DEBUG_INFORMATION_FORMAT = dwarf;
				ENABLE_STRICT_OBJC_MSGSEND = YES;
				ENABLE_TESTABILITY = YES;
				GCC_C_LANGUAGE_STANDARD = gnu11;
				GCC_DYNAMIC_NO_PIC = NO;
				GCC_NO_COMMON_BLOCKS = YES;
				GCC_OPTIMIZATION_LEVEL = 0;
				GCC_PREPROCESSOR_DEFINITIONS = (
					"DEBUG=1",
					"$(inherited)",
				);
				GCC_WARN_64_TO_32_BIT_CONVERSION = YES;
				GCC_WARN_ABOUT_RETURN_TYPE = YES_ERROR;
				GCC_WARN_UNDECLARED_SELECTOR = YES;
				GCC_WARN_UNINITIALIZED_AUTOS = YES_AGGRESSIVE;
				GCC_WARN_UNUSED_FUNCTION = YES;
				GCC_WARN_UNUSED_VARIABLE = YES;
				IPHONEOS_DEPLOYMENT_TARGET = 11.1;
				MTL_ENABLE_DEBUG_INFO = YES;
				ONLY_ACTIVE_ARCH = YES;
				SDKROOT = iphoneos;
				SWIFT_ACTIVE_COMPILATION_CONDITIONS = DEBUG;
				SWIFT_OPTIMIZATION_LEVEL = "-Onone";
			};
			name = Debug;
		};
		CCA1B37920519A0200DB8A7F /* Release */ = {
			isa = XCBuildConfiguration;
			buildSettings = {
				ALWAYS_SEARCH_USER_PATHS = NO;
				CLANG_ANALYZER_NONNULL = YES;
				CLANG_ANALYZER_NUMBER_OBJECT_CONVERSION = YES_AGGRESSIVE;
				CLANG_CXX_LANGUAGE_STANDARD = "gnu++14";
				CLANG_CXX_LIBRARY = "libc++";
				CLANG_ENABLE_MODULES = YES;
				CLANG_ENABLE_OBJC_ARC = YES;
				CLANG_WARN_BLOCK_CAPTURE_AUTORELEASING = YES;
				CLANG_WARN_BOOL_CONVERSION = YES;
				CLANG_WARN_COMMA = YES;
				CLANG_WARN_CONSTANT_CONVERSION = YES;
				CLANG_WARN_DIRECT_OBJC_ISA_USAGE = YES_ERROR;
				CLANG_WARN_EMPTY_BODY = YES;
				CLANG_WARN_ENUM_CONVERSION = YES;
				CLANG_WARN_INFINITE_RECURSION = YES;
				CLANG_WARN_INT_CONVERSION = YES;
				CLANG_WARN_NON_LITERAL_NULL_CONVERSION = YES;
				CLANG_WARN_OBJC_LITERAL_CONVERSION = YES;
				CLANG_WARN_OBJC_ROOT_CLASS = YES_ERROR;
				CLANG_WARN_RANGE_LOOP_ANALYSIS = YES;
				CLANG_WARN_STRICT_PROTOTYPES = YES;
				CLANG_WARN_SUSPICIOUS_MOVE = YES;
				CLANG_WARN_UNGUARDED_AVAILABILITY = YES_AGGRESSIVE;
				CLANG_WARN_UNREACHABLE_CODE = YES;
				CLANG_WARN__DUPLICATE_METHOD_MATCH = YES;
				CODE_SIGN_IDENTITY = "iPhone Developer";
				COPY_PHASE_STRIP = NO;
				DEBUG_INFORMATION_FORMAT = "dwarf-with-dsym";
				ENABLE_NS_ASSERTIONS = NO;
				ENABLE_STRICT_OBJC_MSGSEND = YES;
				GCC_C_LANGUAGE_STANDARD = gnu11;
				GCC_NO_COMMON_BLOCKS = YES;
				GCC_WARN_64_TO_32_BIT_CONVERSION = YES;
				GCC_WARN_ABOUT_RETURN_TYPE = YES_ERROR;
				GCC_WARN_UNDECLARED_SELECTOR = YES;
				GCC_WARN_UNINITIALIZED_AUTOS = YES_AGGRESSIVE;
				GCC_WARN_UNUSED_FUNCTION = YES;
				GCC_WARN_UNUSED_VARIABLE = YES;
				IPHONEOS_DEPLOYMENT_TARGET = 11.1;
				MTL_ENABLE_DEBUG_INFO = NO;
				SDKROOT = iphoneos;
				SWIFT_OPTIMIZATION_LEVEL = "-Owholemodule";
				VALIDATE_PRODUCT = YES;
			};
			name = Release;
		};
		CCA1B37B20519A0200DB8A7F /* Debug */ = {
			isa = XCBuildConfiguration;
			buildSettings = {
				ASSETCATALOG_COMPILER_APPICON_NAME = AppIcon;
				CODE_SIGN_STYLE = Automatic;
				DEVELOPMENT_TEAM = L4J5Y5B6JJ;
				FRAMEWORK_SEARCH_PATHS = (
					"$(inherited)",
					"$(PROJECT_DIR)/External",
				);
				HEADER_SEARCH_PATHS = "$(PROJECT_DIR)/External/**";
				INFOPLIST_FILE = FaceAuth/res/Info.plist;
				LD_RUNPATH_SEARCH_PATHS = "$(inherited) @executable_path/Frameworks";
				PRODUCT_BUNDLE_IDENTIFIER = com.ivanobilenchi.FaceAuth;
				PRODUCT_NAME = "$(TARGET_NAME)";
				SWIFT_OBJC_BRIDGING_HEADER = "${PROJECT_DIR}/FaceAuth/model/opencv/OCVBridgingHeader.h";
				SWIFT_VERSION = 4.0;
				TARGETED_DEVICE_FAMILY = "1,2";
			};
			name = Debug;
		};
		CCA1B37C20519A0200DB8A7F /* Release */ = {
			isa = XCBuildConfiguration;
			buildSettings = {
				ASSETCATALOG_COMPILER_APPICON_NAME = AppIcon;
				CODE_SIGN_STYLE = Automatic;
				DEVELOPMENT_TEAM = L4J5Y5B6JJ;
				FRAMEWORK_SEARCH_PATHS = (
					"$(inherited)",
					"$(PROJECT_DIR)/External",
				);
				HEADER_SEARCH_PATHS = "$(PROJECT_DIR)/External/**";
				INFOPLIST_FILE = FaceAuth/res/Info.plist;
				LD_RUNPATH_SEARCH_PATHS = "$(inherited) @executable_path/Frameworks";
				PRODUCT_BUNDLE_IDENTIFIER = com.ivanobilenchi.FaceAuth;
				PRODUCT_NAME = "$(TARGET_NAME)";
				SWIFT_OBJC_BRIDGING_HEADER = "${PROJECT_DIR}/FaceAuth/model/opencv/OCVBridgingHeader.h";
				SWIFT_VERSION = 4.0;
				TARGETED_DEVICE_FAMILY = "1,2";
			};
			name = Release;
		};
/* End XCBuildConfiguration section */

/* Begin XCConfigurationList section */
		CCA1B36320519A0200DB8A7F /* Build configuration list for PBXProject "FaceAuth" */ = {
			isa = XCConfigurationList;
			buildConfigurations = (
				CCA1B37820519A0200DB8A7F /* Debug */,
				CCA1B37920519A0200DB8A7F /* Release */,
			);
			defaultConfigurationIsVisible = 0;
			defaultConfigurationName = Release;
		};
		CCA1B37A20519A0200DB8A7F /* Build configuration list for PBXNativeTarget "FaceAuth" */ = {
			isa = XCConfigurationList;
			buildConfigurations = (
				CCA1B37B20519A0200DB8A7F /* Debug */,
				CCA1B37C20519A0200DB8A7F /* Release */,
			);
			defaultConfigurationIsVisible = 0;
			defaultConfigurationName = Release;
		};
/* End XCConfigurationList section */
	};
	rootObject = CCA1B36020519A0200DB8A7F /* Project object */;
}
